Microsoft Visual Studio Solution File, Format Version 12.00
# Visual Studio Version 17
VisualStudioVersion = 17.5.2.0
MinimumVisualStudioVersion = 10.0.40219.1
Project("{2150E333-8FDC-42A3-9474-1A3956D46DE8}") = "sidecar", "sidecar", "{35BE7101-75C4-D3BD-85F1-4D6585881F29}"
EndProject
Project("{FAE04EC0-301F-11D3-BF4B-00C04F79EFBC}") = "AudioSidecar", "sidecar\AudioSidecar.csproj", "{BF154EF1-DD22-A718-90F1-9F9A77AAE424}"
EndProject
Global
	GlobalSection(SolutionConfigurationPlatforms) = preSolution
		Debug|Any CPU = Debug|Any CPU
		Release|Any CPU = Release|Any CPU
	EndGlobalSection
	GlobalSection(ProjectConfigurationPlatforms) = postSolution
		{BF154EF1-DD22-A718-90F1-9F9A77AAE424}.Debug|Any CPU.ActiveCfg = Debug|Any CPU
		{BF154EF1-DD22-A718-90F1-9F9A77AAE424}.Debug|Any CPU.Build.0 = Debug|Any CPU
		{BF154EF1-DD22-A718-90F1-9F9A77AAE424}.Release|Any CPU.ActiveCfg = Release|Any CPU
		{BF154EF1-DD22-A718-90F1-9F9A77AAE424}.Release|Any CPU.Build.0 = Release|Any CPU
	EndGlobalSection
	GlobalSection(SolutionProperties) = preSolution
		HideSolutionNode = FALSE
	EndGlobalSection
	GlobalSection(NestedProjects) = preSolution
		{BF154EF1-DD22-A718-90F1-9F9A77AAE424} = {35BE7101-75C4-D3BD-85F1-4D6585881F29}
	EndGlobalSection
	GlobalSection(ExtensibilityGlobals) = postSolution
		SolutionGuid = {D98E6D55-9B8F-4FAD-AC70-2FDA7B7211A9}
	EndGlobalSection
EndGlobal
